<?xml version="1.0" encoding="utf-8"?>
<Project ToolsVersion="4.0" xmlns="http://schemas.microsoft.com/developer/msbuild/2003">
  <ItemGroup>
    <Filter Include="Source Files">
      <UniqueIdentifier>{4FC737F1-C7A5-4376-A066-2A32D752A2FF}</UniqueIdentifier>
      <Extensions>cpp;c;cc;cxx;c++;cppm;ixx;def;odl;idl;hpj;bat;asm;asmx</Extensions>
    </Filter>
    <Filter Include="Header Files">
      <UniqueIdentifier>{93995380-89BD-4b04-88EB-625FBE52EBFB}</UniqueIdentifier>
      <Extensions>h;hh;hpp;hxx;h++;hm;inl;inc;ipp;xsd</Extensions>
    </Filter>
    <Filter Include="Resource Files">
      <UniqueIdentifier>{67DA6AB6-F800-4c08-8B7A-83BB121AAD01}</UniqueIdentifier>
      <Extensions>rc;ico;cur;bmp;dlg;rc2;rct;bin;rgs;gif;jpg;jpeg;jpe;resx;tiff;tif;png;wav;mfcribbon-ms</Extensions>
    </Filter>
  </ItemGroup>
  <ItemGroup>
    <ClCompile Include="Source\HookModuleMain.cpp">
      <Filter>Source Files</Filter>
    </ClCompile>
    <ClCompile Include="Source\Globals.cpp">
      <Filter>Source Files</Filter>
    </ClCompile>
    <ClCompile Include="Source\DllMain.cpp">
      <Filter>Source Files</Filter>
    </ClCompile>
    <ClCompile Include="Source\ApiGUID.cpp">
      <Filter>Source Files</Filter>
    </ClCompile>
    <ClCompile Include="Source\Strings.cpp">
      <Filter>Source Files</Filter>
    </ClCompile>
    <ClCompile Include="Source\XidiConfigReader.cpp">
      <Filter>Source Files</Filter>
    </ClCompile>
    <ClCompile Include="Source\Hooks\CoCreateInstance.cpp">
      <Filter>Source Files</Filter>
    </ClCompile>
    <ClCompile Include="Source\ApiDirectInput.cpp">
      <Filter>Source Files</Filter>
    </ClCompile>
    <ClCompile Include="Source\SetHooks.cpp">
      <Filter>Source Files</Filter>
    </ClCompile>
    <ClCompile Include="Source\ApiXidi.cpp">
      <Filter>Source Files</Filter>
    </ClCompile>
    <ClCompile Include="Source\ApiXidiMetadata.cpp">
      <Filter>Source Files</Filter>
    </ClCompile>
  </ItemGroup>
  <ItemGroup>
    <ClInclude Include="Resources\Xidi.h">
      <Filter>Header Files</Filter>
    </ClInclude>
    <ClInclude Include="Resources\HookModule.h">
      <Filter>Header Files</Filter>
    </ClInclude>
    <ClInclude Include="Include\Xidi\Internal\ApiGUID.h">
      <Filter>Header Files</Filter>
    </ClInclude>
    <ClInclude Include="Include\Xidi\Internal\ApiWindows.h">
      <Filter>Header Files</Filter>
    </ClInclude>
    <ClInclude Include="Include\Xidi\Internal\Globals.h">
      <Filter>Header Files</Filter>
    </ClInclude>
    <ClInclude Include="Include\Xidi\Internal\Strings.h">
      <Filter>Header Files</Filter>
    </ClInclude>
    <ClInclude Include="Include\Xidi\Internal\XidiConfigReader.h">
      <Filter>Header Files</Filter>
    </ClInclude>
    <ClInclude Include="Include\Xidi\Internal\SetHooks.h">
      <Filter>Header Files</Filter>
    </ClInclude>
    <ClInclude Include="Include\Xidi\Internal\ApiDirectInput.h">
      <Filter>Header Files</Filter>
    </ClInclude>
    <ClInclude Include="Include\Xidi\Internal\ApiXidi.h">
      <Filter>Header Files</Filter>
    </ClInclude>
  </ItemGroup>
  <ItemGroup>
    <ResourceCompile Include="Resources\Xidi.rc">
      <Filter>Resource Files</Filter>
    </ResourceCompile>
    <ResourceCompile Include="Resources\HookModule.rc">
      <Filter>Resource Files</Filter>
    </ResourceCompile>
  </ItemGroup>
</Project>