<?xml version="1.0" encoding="utf-8"?>
<Project ToolsVersion="4.0" xmlns="http://schemas.microsoft.com/developer/msbuild/2003">
  <ItemGroup>
    <Filter Include="Source Files">
      <UniqueIdentifier>{4FC737F1-C7A5-4376-A066-2A32D752A2FF}</UniqueIdentifier>
      <Extensions>cpp;c;cc;cxx;c++;cppm;ixx;def;odl;idl;hpj;bat;asm;asmx</Extensions>
    </Filter>
    <Filter Include="Header Files">
      <UniqueIdentifier>{93995380-89BD-4b04-88EB-625FBE52EBFB}</UniqueIdentifier>
      <Extensions>h;hh;hpp;hxx;h++;hm;inl;inc;ipp;xsd</Extensions>
    </Filter>
    <Filter Include="Resource Files">
      <UniqueIdentifier>{67DA6AB6-F800-4c08-8B7A-83BB121AAD01}</UniqueIdentifier>
      <Extensions>rc;ico;cur;bmp;dlg;rc2;rct;bin;rgs;gif;jpg;jpeg;jpe;resx;tiff;tif;png;wav;mfcribbon-ms</Extensions>
    </Filter>
  </ItemGroup>
  <ItemGroup>
    <ClInclude Include="Resources\Xidi.h">
      <Filter>Header Files</Filter>
    </ClInclude>
    <ClInclude Include="Include\Xidi\Internal\ControllerTypes.h">
      <Filter>Header Files</Filter>
    </ClInclude>
    <ClInclude Include="Include\Xidi\Internal\ApiWindows.h">
      <Filter>Header Files</Filter>
    </ClInclude>
    <ClInclude Include="Include\Xidi\Internal\DataFormat.h">
      <Filter>Header Files</Filter>
    </ClInclude>
    <ClInclude Include="Include\Xidi\Internal\Globals.h">
      <Filter>Header Files</Filter>
    </ClInclude>
    <ClInclude Include="Include\Xidi\Internal\Strings.h">
      <Filter>Header Files</Filter>
    </ClInclude>
    <ClInclude Include="Include\Xidi\Internal\VirtualController.h">
      <Filter>Header Files</Filter>
    </ClInclude>
    <ClInclude Include="Include\Xidi\Internal\StateChangeEventBuffer.h">
      <Filter>Header Files</Filter>
    </ClInclude>
    <ClInclude Include="Include\Xidi\Internal\VirtualDirectInputDevice.h">
      <Filter>Header Files</Filter>
    </ClInclude>
    <ClInclude Include="Include\Xidi\Internal\ElementMapper.h">
      <Filter>Header Files</Filter>
    </ClInclude>
    <ClInclude Include="Include\Xidi\Internal\Mapper.h">
      <Filter>Header Files</Filter>
    </ClInclude>
    <ClInclude Include="Include\Xidi\Internal\ControllerIdentification.h">
      <Filter>Header Files</Filter>
    </ClInclude>
    <ClInclude Include="Include\Xidi\Test\MockElementMapper.h">
      <Filter>Header Files</Filter>
    </ClInclude>
    <ClInclude Include="Include\Xidi\Internal\PhysicalController.h">
      <Filter>Header Files</Filter>
    </ClInclude>
    <ClInclude Include="Include\Xidi\Test\MockPhysicalController.h">
      <Filter>Header Files</Filter>
    </ClInclude>
    <ClInclude Include="Include\Xidi\Internal\Keyboard.h">
      <Filter>Header Files</Filter>
    </ClInclude>
    <ClInclude Include="Include\Xidi\Test\MockKeyboard.h">
      <Filter>Header Files</Filter>
    </ClInclude>
    <ClInclude Include="Include\Xidi\Internal\MapperBuilder.h">
      <Filter>Header Files</Filter>
    </ClInclude>
    <ClInclude Include="Include\Xidi\Internal\MapperParser.h">
      <Filter>Header Files</Filter>
    </ClInclude>
    <ClInclude Include="Include\Xidi\Internal\ApiBitSet.h">
      <Filter>Header Files</Filter>
    </ClInclude>
    <ClInclude Include="Include\Xidi\Internal\ForceFeedbackEffect.h">
      <Filter>Header Files</Filter>
    </ClInclude>
    <ClInclude Include="Include\Xidi\Internal\ForceFeedbackParameters.h">
      <Filter>Header Files</Filter>
    </ClInclude>
    <ClInclude Include="Include\Xidi\Internal\VirtualDirectInputEffect.h">
      <Filter>Header Files</Filter>
    </ClInclude>
    <ClInclude Include="Include\Xidi\Internal\ForceFeedbackTypes.h">
      <Filter>Header Files</Filter>
    </ClInclude>
    <ClInclude Include="Include\Xidi\Internal\ForceFeedbackDevice.h">
      <Filter>Header Files</Filter>
    </ClInclude>
    <ClInclude Include="Include\Xidi\Internal\ImportApiWinMM.h">
      <Filter>Header Files</Filter>
    </ClInclude>
    <ClInclude Include="Include\Xidi\Internal\ForceFeedbackMath.h">
      <Filter>Header Files</Filter>
    </ClInclude>
    <ClInclude Include="Include\Xidi\Internal\ApiXidi.h">
      <Filter>Header Files</Filter>
    </ClInclude>
    <ClInclude Include="Include\Xidi\Internal\Mouse.h">
      <Filter>Header Files</Filter>
    </ClInclude>
    <ClInclude Include="Include\Xidi\Internal\ImportApiXInput.h">
      <Filter>Header Files</Filter>
    </ClInclude>
    <ClInclude Include="Include\Xidi\Internal\WrapperIDirectInput.h">
      <Filter>Header Files</Filter>
    </ClInclude>
    <ClInclude Include="Include\Xidi\Internal\ApiGUID.h">
      <Filter>Header Files</Filter>
    </ClInclude>
    <ClInclude Include="Include\Xidi\Internal\ControllerMath.h">
      <Filter>Header Files</Filter>
    </ClInclude>
    <ClInclude Include="Include\Xidi\Test\MockDirectInput.h">
      <Filter>Header Files</Filter>
    </ClInclude>
    <ClInclude Include="Include\Xidi\Test\MockDirectInputDevice.h">
      <Filter>Header Files</Filter>
    </ClInclude>
    <ClInclude Include="Include\Xidi\Test\MockForceFeedbackEffect.h">
      <Filter>Header Files</Filter>
    </ClInclude>
    <ClInclude Include="Include\Xidi\Test\MockMouse.h">
      <Filter>Header Files</Filter>
    </ClInclude>
    <ClInclude Include="Include\Xidi\Internal\DllFunctions.h">
      <Filter>Header Files</Filter>
    </ClInclude>
  </ItemGroup>
  <ItemGroup>
    <ClCompile Include="Source\Test\Case\AxisMapperTest.cpp">
      <Filter>Source Files</Filter>
    </ClCompile>
    <ClCompile Include="Source\Test\Case\ButtonMapperTest.cpp">
      <Filter>Source Files</Filter>
    </ClCompile>
    <ClCompile Include="Source\Test\Case\DigitalAxisMapperTest.cpp">
      <Filter>Source Files</Filter>
    </ClCompile>
    <ClCompile Include="Source\Test\Case\PovMapperTest.cpp">
      <Filter>Source Files</Filter>
    </ClCompile>
    <ClCompile Include="Source\DataFormat.cpp">
      <Filter>Source Files</Filter>
    </ClCompile>
    <ClCompile Include="Source\Globals.cpp">
      <Filter>Source Files</Filter>
    </ClCompile>
    <ClCompile Include="Source\Strings.cpp">
      <Filter>Source Files</Filter>
    </ClCompile>
    <ClCompile Include="Source\Test\Case\DataFormatTest.cpp">
      <Filter>Source Files</Filter>
    </ClCompile>
    <ClCompile Include="Source\ApiDirectInput.cpp">
      <Filter>Source Files</Filter>
    </ClCompile>
    <ClCompile Include="Source\VirtualController.cpp">
      <Filter>Source Files</Filter>
    </ClCompile>
    <ClCompile Include="Source\Test\Case\VirtualControllerTest.cpp">
      <Filter>Source Files</Filter>
    </ClCompile>
    <ClCompile Include="Source\StateChangeEventBuffer.cpp">
      <Filter>Source Files</Filter>
    </ClCompile>
    <ClCompile Include="Source\Test\Case\StateChangeEventBufferTest.cpp">
      <Filter>Source Files</Filter>
    </ClCompile>
    <ClCompile Include="Source\VirtualDirectInputDevice.cpp">
      <Filter>Source Files</Filter>
    </ClCompile>
    <ClCompile Include="Source\ElementMapper.cpp">
      <Filter>Source Files</Filter>
    </ClCompile>
    <ClCompile Include="Source\Mapper.cpp">
      <Filter>Source Files</Filter>
    </ClCompile>
    <ClCompile Include="Source\Test\Case\MapperTest.cpp">
      <Filter>Source Files</Filter>
    </ClCompile>
    <ClCompile Include="Source\MapperDefinitions.cpp">
      <Filter>Source Files</Filter>
    </ClCompile>
    <ClCompile Include="Source\Test\Case\VirtualDirectInputDeviceTest.cpp">
      <Filter>Source Files</Filter>
    </ClCompile>
    <ClCompile Include="Source\Test\Case\SplitMapperTest.cpp">
      <Filter>Source Files</Filter>
    </ClCompile>
    <ClCompile Include="Source\Test\MockPhysicalController.cpp">
      <Filter>Source Files</Filter>
    </ClCompile>
    <ClCompile Include="Source\Test\MockKeyboard.cpp">
      <Filter>Source Files</Filter>
    </ClCompile>
    <ClCompile Include="Source\Test\Case\KeyboardMapperTest.cpp">
      <Filter>Source Files</Filter>
    </ClCompile>
    <ClCompile Include="Source\MapperBuilder.cpp">
      <Filter>Source Files</Filter>
    </ClCompile>
    <ClCompile Include="Source\Test\Case\MapperBuilderTest.cpp">
      <Filter>Source Files</Filter>
    </ClCompile>
    <ClCompile Include="Source\MapperParser.cpp">
      <Filter>Source Files</Filter>
    </ClCompile>
    <ClCompile Include="Source\Test\Case\MapperParserTest.cpp">
      <Filter>Source Files</Filter>
    </ClCompile>
    <ClCompile Include="Source\Test\Case\InvertMapperTest.cpp">
      <Filter>Source Files</Filter>
    </ClCompile>
    <ClCompile Include="Source\Test\Case\CompoundMapperTest.cpp">
      <Filter>Source Files</Filter>
    </ClCompile>
    <ClCompile Include="Source\ForceFeedbackEffect.cpp">
      <Filter>Source Files</Filter>
    </ClCompile>
    <ClCompile Include="Source\Test\Case\ForceFeedbackEffectTest.cpp">
      <Filter>Source Files</Filter>
    </ClCompile>
    <ClCompile Include="Source\Test\Case\ConstantForceEffectTest.cpp">
      <Filter>Source Files</Filter>
    </ClCompile>
    <ClCompile Include="Source\ForceFeedbackParameters.cpp">
      <Filter>Source Files</Filter>
    </ClCompile>
    <ClCompile Include="Source\Test\Case\ForceFeedbackParametersTest.cpp">
      <Filter>Source Files</Filter>
    </ClCompile>
    <ClCompile Include="Source\VirtualDirectInputEffect.cpp">
      <Filter>Source Files</Filter>
    </ClCompile>
    <ClCompile Include="Source\ForceFeedbackDevice.cpp">
      <Filter>Source Files</Filter>
    </ClCompile>
    <ClCompile Include="Source\ImportApiWinMM.cpp">
      <Filter>Source Files</Filter>
    </ClCompile>
    <ClCompile Include="Source\Test\Case\ForceFeedbackDeviceTest.cpp">
      <Filter>Source Files</Filter>
    </ClCompile>
    <ClCompile Include="Source\ApiGUID.cpp">
      <Filter>Source Files</Filter>
    </ClCompile>
    <ClCompile Include="Source\Test\Case\VirtualDirectInputEffectTest.cpp">
      <Filter>Source Files</Filter>
    </ClCompile>
    <ClCompile Include="Source\Test\Case\PeriodicEffectTest.cpp">
      <Filter>Source Files</Filter>
    </ClCompile>
    <ClCompile Include="Source\Test\Case\RampForceEffectTest.cpp">
      <Filter>Source Files</Filter>
    </ClCompile>
    <ClCompile Include="Source\ApiXidi.cpp">
      <Filter>Source Files</Filter>
    </ClCompile>
    <ClCompile Include="Source\Test\MockMouse.cpp">
      <Filter>Source Files</Filter>
    </ClCompile>
    <ClCompile Include="Source\Test\Case\MouseButtonMapperTest.cpp">
      <Filter>Source Files</Filter>
    </ClCompile>
    <ClCompile Include="Source\ImportApiXInput.cpp">
      <Filter>Source Files</Filter>
    </ClCompile>
    <ClCompile Include="Source\Test\Case\MouseAxisMapperTest.cpp">
      <Filter>Source Files</Filter>
    </ClCompile>
    <ClCompile Include="Source\WrapperIDirectInput.cpp">
      <Filter>Source Files</Filter>
    </ClCompile>
    <ClCompile Include="Source\Test\MockDirectInput.cpp">
      <Filter>Source Files</Filter>
    </ClCompile>
    <ClCompile Include="Source\Test\MockDirectInputDevice.cpp">
      <Filter>Source Files</Filter>
    </ClCompile>
    <ClCompile Include="Source\ControllerIdentification.cpp">
      <Filter>Source Files</Filter>
    </ClCompile>
    <ClCompile Include="Source\Test\Case\WrapperIDirectInputTest.cpp">
      <Filter>Source Files</Filter>
    </ClCompile>
    <ClCompile Include="Source\ControllerMath.cpp">
      <Filter>Source Files</Filter>
    </ClCompile>
    <ClCompile Include="Source\Test\Case\ControllerMathTest.cpp">
      <Filter>Source Files</Filter>
    </ClCompile>
    <ClCompile Include="Source\Test\TestMain.cpp">
      <Filter>Source Files</Filter>
    </ClCompile>
    <ClCompile Include="Source\DllFunctions.cpp">
      <Filter>Source Files</Filter>
    </ClCompile>
    <ClCompile Include="Source\Test\Case\MouseSpeedModifierMapperTest.cpp">
      <Filter>Source Files</Filter>
    </ClCompile>
  </ItemGroup>
  <ItemGroup>
    <ResourceCompile Include="Resources\Xidi.rc">
      <Filter>Resource Files</Filter>
    </ResourceCompile>
  </ItemGroup>
</Project>