
Microsoft Visual Studio Solution File, Format Version 12.00
# Visual Studio 14
VisualStudioVersion = 14.0.25123.0
MinimumVisualStudioVersion = 10.0.40219.1
Project("{8BC9CEB8-8B4A-11D0-8D11-00A0C91BC942}") = "Xidi", "Xidi.vcxproj", "{023441F6-2554-440F-9FFB-7E185AB7CF41}"
EndProject
Global
	GlobalSection(SolutionConfigurationPlatforms) = preSolution
		Debug-DInput8|Win32 = Debug-DInput8|Win32
		Debug-DInput8|x64 = Debug-DInput8|x64
		Release-DInput8|Win32 = Release-DInput8|Win32
		Release-DInput8|x64 = Release-DInput8|x64
		TestApp-DInput|Win32 = TestApp-DInput|Win32
		TestApp-DInput|x64 = TestApp-DInput|x64
		TestApp-DInput8|Win32 = TestApp-DInput8|Win32
		TestApp-DInput8|x64 = TestApp-DInput8|x64
	EndGlobalSection
	GlobalSection(ProjectConfigurationPlatforms) = postSolution
		{023441F6-2554-440F-9FFB-7E185AB7CF41}.Debug-DInput8|Win32.ActiveCfg = Debug-DInput8|Win32
		{023441F6-2554-440F-9FFB-7E185AB7CF41}.Debug-DInput8|Win32.Build.0 = Debug-DInput8|Win32
		{023441F6-2554-440F-9FFB-7E185AB7CF41}.Debug-DInput8|x64.ActiveCfg = Debug-DInput8|x64
		{023441F6-2554-440F-9FFB-7E185AB7CF41}.Debug-DInput8|x64.Build.0 = Debug-DInput8|x64
		{023441F6-2554-440F-9FFB-7E185AB7CF41}.Release-DInput8|Win32.ActiveCfg = Release-DInput8|Win32
		{023441F6-2554-440F-9FFB-7E185AB7CF41}.Release-DInput8|Win32.Build.0 = Release-DInput8|Win32
		{023441F6-2554-440F-9FFB-7E185AB7CF41}.Release-DInput8|x64.ActiveCfg = Release-DInput8|x64
		{023441F6-2554-440F-9FFB-7E185AB7CF41}.Release-DInput8|x64.Build.0 = Release-DInput8|x64
		{023441F6-2554-440F-9FFB-7E185AB7CF41}.TestApp-DInput|Win32.ActiveCfg = TestApp-DInput|Win32
		{023441F6-2554-440F-9FFB-7E185AB7CF41}.TestApp-DInput|Win32.Build.0 = TestApp-DInput|Win32
		{023441F6-2554-440F-9FFB-7E185AB7CF41}.TestApp-DInput|x64.ActiveCfg = TestApp-DInput|x64
		{023441F6-2554-440F-9FFB-7E185AB7CF41}.TestApp-DInput|x64.Build.0 = TestApp-DInput|x64
		{023441F6-2554-440F-9FFB-7E185AB7CF41}.TestApp-DInput8|Win32.ActiveCfg = TestApp-DInput8|Win32
		{023441F6-2554-440F-9FFB-7E185AB7CF41}.TestApp-DInput8|Win32.Build.0 = TestApp-DInput8|Win32
		{023441F6-2554-440F-9FFB-7E185AB7CF41}.TestApp-DInput8|x64.ActiveCfg = TestApp-DInput8|x64
		{023441F6-2554-440F-9FFB-7E185AB7CF41}.TestApp-DInput8|x64.Build.0 = TestApp-DInput8|x64
	EndGlobalSection
	GlobalSection(SolutionProperties) = preSolution
		HideSolutionNode = FALSE
	EndGlobalSection
EndGlobal
